
Microsoft Visual Studio Solution File, Format Version 12.00
# Visual Studio Version 17
VisualStudioVersion = 17.7.34031.279
MinimumVisualStudioVersion = 10.0.40219.1
Project("{FAE04EC0-301F-11D3-BF4B-00C04F79EFBC}") = "BoxMVC", "BoxMVC\BoxMVC.csproj", "{6898527F-D35F-400C-A23A-9A4C691A967C}"
EndProject
Global
	GlobalSection(SolutionConfigurationPlatforms) = preSolution
		Debug|Any CPU = Debug|Any CPU
		Release|Any CPU = Release|Any CPU
	EndGlobalSection
	GlobalSection(ProjectConfigurationPlatforms) = postSolution
		{6898527F-D35F-400C-A23A-9A4C691A967C}.Debug|Any CPU.ActiveCfg = Debug|Any CPU
		{6898527F-D35F-400C-A23A-9A4C691A967C}.Debug|Any CPU.Build.0 = Debug|Any CPU
		{6898527F-D35F-400C-A23A-9A4C691A967C}.Release|Any CPU.ActiveCfg = Release|Any CPU
		{6898527F-D35F-400C-A23A-9A4C691A967C}.Release|Any CPU.Build.0 = Release|Any CPU
	EndGlobalSection
	GlobalSection(SolutionProperties) = preSolution
		HideSolutionNode = FALSE
	EndGlobalSection
	GlobalSection(ExtensibilityGlobals) = postSolution
		SolutionGuid = {6389D595-E5A6-4913-9A41-676879368A58}
	EndGlobalSection
EndGlobal
